// !$*UTF8*$!
{
	archiveVersion = 1;
	classes = {
	};
	objectVersion = 50;
	objects = {

/* Begin PBXBuildFile section */
		F01D35FE2157329D00323C14 /* CategoryViewController.swift in Sources */ = {isa = PBXBuildFile; fileRef = F01D35FD2157329D00323C14 /* CategoryViewController.swift */; };
		F0816638215575C400D025D6 /* AppDelegate.swift in Sources */ = {isa = PBXBuildFile; fileRef = F0816637215575C400D025D6 /* AppDelegate.swift */; };
		F081663A215575C400D025D6 /* ToDoListViewController.swift in Sources */ = {isa = PBXBuildFile; fileRef = F0816639215575C400D025D6 /* ToDoListViewController.swift */; };
		F081663D215575C400D025D6 /* Main.storyboard in Resources */ = {isa = PBXBuildFile; fileRef = F081663B215575C400D025D6 /* Main.storyboard */; };
		F081663F215575C600D025D6 /* Assets.xcassets in Resources */ = {isa = PBXBuildFile; fileRef = F081663E215575C600D025D6 /* Assets.xcassets */; };
		F0816642215575C600D025D6 /* LaunchScreen.storyboard in Resources */ = {isa = PBXBuildFile; fileRef = F0816640215575C600D025D6 /* LaunchScreen.storyboard */; };
		F09E1B5E21583E59001E69D3 /* Task.swift in Sources */ = {isa = PBXBuildFile; fileRef = F09E1B5D21583E59001E69D3 /* Task.swift */; };
		F09E1B6021583E62001E69D3 /* Category.swift in Sources */ = {isa = PBXBuildFile; fileRef = F09E1B5F21583E62001E69D3 /* Category.swift */; };
		F9FDDA2C96C3C6552E4E71D8 /* Pods_To_Do.framework in Frameworks */ = {isa = PBXBuildFile; fileRef = 482C36EE259E38F8CB566FA4 /* Pods_To_Do.framework */; };
/* End PBXBuildFile section */

/* Begin PBXFileReference section */
		0796BEDBE2B16FF7E9A63B76 /* Pods-To Do.debug.xcconfig */ = {isa = PBXFileReference; includeInIndex = 1; lastKnownFileType = text.xcconfig; name = "Pods-To Do.debug.xcconfig"; path = "Pods/Target Support Files/Pods-To Do/Pods-To Do.debug.xcconfig"; sourceTree = "<group>"; };
		482C36EE259E38F8CB566FA4 /* Pods_To_Do.framework */ = {isa = PBXFileReference; explicitFileType = wrapper.framework; includeInIndex = 0; path = Pods_To_Do.framework; sourceTree = BUILT_PRODUCTS_DIR; };
		89FAF1883065E33F33C32378 /* Pods-To Do.release.xcconfig */ = {isa = PBXFileReference; includeInIndex = 1; lastKnownFileType = text.xcconfig; name = "Pods-To Do.release.xcconfig"; path = "Pods/Target Support Files/Pods-To Do/Pods-To Do.release.xcconfig"; sourceTree = "<group>"; };
		F01D35FD2157329D00323C14 /* CategoryViewController.swift */ = {isa = PBXFileReference; lastKnownFileType = sourcecode.swift; path = CategoryViewController.swift; sourceTree = "<group>"; };
		F0816634215575C400D025D6 /* To Do.app */ = {isa = PBXFileReference; explicitFileType = wrapper.application; includeInIndex = 0; path = "To Do.app"; sourceTree = BUILT_PRODUCTS_DIR; };
		F0816637215575C400D025D6 /* AppDelegate.swift */ = {isa = PBXFileReference; lastKnownFileType = sourcecode.swift; path = AppDelegate.swift; sourceTree = "<group>"; };
		F0816639215575C400D025D6 /* ToDoListViewController.swift */ = {isa = PBXFileReference; lastKnownFileType = sourcecode.swift; path = ToDoListViewController.swift; sourceTree = "<group>"; };
		F081663C215575C400D025D6 /* Base */ = {isa = PBXFileReference; lastKnownFileType = file.storyboard; name = Base; path = Base.lproj/Main.storyboard; sourceTree = "<group>"; };
		F081663E215575C600D025D6 /* Assets.xcassets */ = {isa = PBXFileReference; lastKnownFileType = folder.assetcatalog; path = Assets.xcassets; sourceTree = "<group>"; };
		F0816641215575C600D025D6 /* Base */ = {isa = PBXFileReference; lastKnownFileType = file.storyboard; name = Base; path = Base.lproj/LaunchScreen.storyboard; sourceTree = "<group>"; };
		F0816643215575C600D025D6 /* Info.plist */ = {isa = PBXFileReference; lastKnownFileType = text.plist.xml; path = Info.plist; sourceTree = "<group>"; };
		F09E1B5D21583E59001E69D3 /* Task.swift */ = {isa = PBXFileReference; lastKnownFileType = sourcecode.swift; path = Task.swift; sourceTree = "<group>"; };
		F09E1B5F21583E62001E69D3 /* Category.swift */ = {isa = PBXFileReference; lastKnownFileType = sourcecode.swift; path = Category.swift; sourceTree = "<group>"; };
/* End PBXFileReference section */

/* Begin PBXFrameworksBuildPhase section */
		F0816631215575C400D025D6 /* Frameworks */ = {
			isa = PBXFrameworksBuildPhase;
			buildActionMask = 2147483647;
			files = (
				F9FDDA2C96C3C6552E4E71D8 /* Pods_To_Do.framework in Frameworks */,
			);
			runOnlyForDeploymentPostprocessing = 0;
		};
/* End PBXFrameworksBuildPhase section */

/* Begin PBXGroup section */
		D457C3A60DAEB231EF6C8654 /* Pods */ = {
			isa = PBXGroup;
			children = (
				0796BEDBE2B16FF7E9A63B76 /* Pods-To Do.debug.xcconfig */,
				89FAF1883065E33F33C32378 /* Pods-To Do.release.xcconfig */,
			);
			name = Pods;
			sourceTree = "<group>";
		};
		F081662B215575C400D025D6 = {
			isa = PBXGroup;
			children = (
				F0816636215575C400D025D6 /* To Do */,
				F0816635215575C400D025D6 /* Products */,
				D457C3A60DAEB231EF6C8654 /* Pods */,
				F42020EAE52818A30E84EE63 /* Frameworks */,
			);
			sourceTree = "<group>";
		};
		F0816635215575C400D025D6 /* Products */ = {
			isa = PBXGroup;
			children = (
				F0816634215575C400D025D6 /* To Do.app */,
			);
			name = Products;
			sourceTree = "<group>";
		};
		F0816636215575C400D025D6 /* To Do */ = {
			isa = PBXGroup;
			children = (
				F0816637215575C400D025D6 /* AppDelegate.swift */,
				F081664B2155B2F100D025D6 /* Model */,
				F081664A2155B2EE00D025D6 /* View */,
				F08166492155B2EA00D025D6 /* Controller */,
				F081664C2155B32600D025D6 /* Supporting Files */,
				F0816643215575C600D025D6 /* Info.plist */,
			);
			path = "To Do";
			sourceTree = "<group>";
		};
		F08166492155B2EA00D025D6 /* Controller */ = {
			isa = PBXGroup;
			children = (
				F01D35FD2157329D00323C14 /* CategoryViewController.swift */,
				F0816639215575C400D025D6 /* ToDoListViewController.swift */,
			);
			path = Controller;
			sourceTree = "<group>";
		};
		F081664A2155B2EE00D025D6 /* View */ = {
			isa = PBXGroup;
			children = (
				F081663B215575C400D025D6 /* Main.storyboard */,
			);
			path = View;
			sourceTree = "<group>";
		};
		F081664B2155B2F100D025D6 /* Model */ = {
			isa = PBXGroup;
			children = (
				F09E1B5F21583E62001E69D3 /* Category.swift */,
				F09E1B5D21583E59001E69D3 /* Task.swift */,
			);
			path = Model;
			sourceTree = "<group>";
		};
		F081664C2155B32600D025D6 /* Supporting Files */ = {
			isa = PBXGroup;
			children = (
				F0816640215575C600D025D6 /* LaunchScreen.storyboard */,
				F081663E215575C600D025D6 /* Assets.xcassets */,
			);
			path = "Supporting Files";
			sourceTree = "<group>";
		};
		F42020EAE52818A30E84EE63 /* Frameworks */ = {
			isa = PBXGroup;
			children = (
				482C36EE259E38F8CB566FA4 /* Pods_To_Do.framework */,
			);
			name = Frameworks;
			sourceTree = "<group>";
		};
/* End PBXGroup section */

/* Begin PBXNativeTarget section */
		F0816633215575C400D025D6 /* To Do */ = {
			isa = PBXNativeTarget;
			buildConfigurationList = F0816646215575C600D025D6 /* Build configuration list for PBXNativeTarget "To Do" */;
			buildPhases = (
				AE9781E76DE86B8E293C2B0F /* [CP] Check Pods Manifest.lock */,
				F0816630215575C400D025D6 /* Sources */,
				F0816631215575C400D025D6 /* Frameworks */,
				F0816632215575C400D025D6 /* Resources */,
				FEC631D31DDD134E9FA31EAC /* [CP] Embed Pods Frameworks */,
			);
			buildRules = (
			);
			dependencies = (
			);
			name = "To Do";
			productName = "To Do";
			productReference = F0816634215575C400D025D6 /* To Do.app */;
			productType = "com.apple.product-type.application";
		};
/* End PBXNativeTarget section */

/* Begin PBXProject section */
		F081662C215575C400D025D6 /* Project object */ = {
			isa = PBXProject;
			attributes = {
				LastSwiftUpdateCheck = 0940;
				LastUpgradeCheck = 0940;
				ORGANIZATIONNAME = "Raymond Tsang";
				TargetAttributes = {
					F0816633215575C400D025D6 = {
						CreatedOnToolsVersion = 9.4.1;
					};
				};
			};
			buildConfigurationList = F081662F215575C400D025D6 /* Build configuration list for PBXProject "To Do" */;
			compatibilityVersion = "Xcode 9.3";
			developmentRegion = en;
			hasScannedForEncodings = 0;
			knownRegions = (
				en,
				Base,
			);
			mainGroup = F081662B215575C400D025D6;
			productRefGroup = F0816635215575C400D025D6 /* Products */;
			projectDirPath = "";
			projectRoot = "";
			targets = (
				F0816633215575C400D025D6 /* To Do */,
			);
		};
/* End PBXProject section */

/* Begin PBXResourcesBuildPhase section */
		F0816632215575C400D025D6 /* Resources */ = {
			isa = PBXResourcesBuildPhase;
			buildActionMask = 2147483647;
			files = (
				F0816642215575C600D025D6 /* LaunchScreen.storyboard in Resources */,
				F081663F215575C600D025D6 /* Assets.xcassets in Resources */,
				F081663D215575C400D025D6 /* Main.storyboard in Resources */,
			);
			runOnlyForDeploymentPostprocessing = 0;
		};
/* End PBXResourcesBuildPhase section */

/* Begin PBXShellScriptBuildPhase section */
		AE9781E76DE86B8E293C2B0F /* [CP] Check Pods Manifest.lock */ = {
			isa = PBXShellScriptBuildPhase;
			buildActionMask = 2147483647;
			files = (
			);
			inputPaths = (
				"${PODS_PODFILE_DIR_PATH}/Podfile.lock",
				"${PODS_ROOT}/Manifest.lock",
			);
			name = "[CP] Check Pods Manifest.lock";
			outputPaths = (
				"$(DERIVED_FILE_DIR)/Pods-To Do-checkManifestLockResult.txt",
			);
			runOnlyForDeploymentPostprocessing = 0;
			shellPath = /bin/sh;
			shellScript = "diff \"${PODS_PODFILE_DIR_PATH}/Podfile.lock\" \"${PODS_ROOT}/Manifest.lock\" > /dev/null\nif [ $? != 0 ] ; then\n    # print error to STDERR\n    echo \"error: The sandbox is not in sync with the Podfile.lock. Run 'pod install' or update your CocoaPods installation.\" >&2\n    exit 1\nfi\n# This output is used by Xcode 'outputs' to avoid re-running this script phase.\necho \"SUCCESS\" > \"${SCRIPT_OUTPUT_FILE_0}\"\n";
			showEnvVarsInLog = 0;
		};
		FEC631D31DDD134E9FA31EAC /* [CP] Embed Pods Frameworks */ = {
			isa = PBXShellScriptBuildPhase;
			buildActionMask = 2147483647;
			files = (
			);
			inputPaths = (
				"${SRCROOT}/Pods/Target Support Files/Pods-To Do/Pods-To Do-frameworks.sh",
				"${BUILT_PRODUCTS_DIR}/Realm/Realm.framework",
				"${BUILT_PRODUCTS_DIR}/RealmSwift/RealmSwift.framework",
			);
			name = "[CP] Embed Pods Frameworks";
			outputPaths = (
				"${TARGET_BUILD_DIR}/${FRAMEWORKS_FOLDER_PATH}/Realm.framework",
				"${TARGET_BUILD_DIR}/${FRAMEWORKS_FOLDER_PATH}/RealmSwift.framework",
			);
			runOnlyForDeploymentPostprocessing = 0;
			shellPath = /bin/sh;
			shellScript = "\"${SRCROOT}/Pods/Target Support Files/Pods-To Do/Pods-To Do-frameworks.sh\"\n";
			showEnvVarsInLog = 0;
		};
/* End PBXShellScriptBuildPhase section */

/* Begin PBXSourcesBuildPhase section */
		F0816630215575C400D025D6 /* Sources */ = {
			isa = PBXSourcesBuildPhase;
			buildActionMask = 2147483647;
			files = (
				F01D35FE2157329D00323C14 /* CategoryViewController.swift in Sources */,
				F081663A215575C400D025D6 /* ToDoListViewController.swift in Sources */,
				F09E1B5E21583E59001E69D3 /* Task.swift in Sources */,
				F0816638215575C400D025D6 /* AppDelegate.swift in Sources */,
				F09E1B6021583E62001E69D3 /* Category.swift in Sources */,
			);
			runOnlyForDeploymentPostprocessing = 0;
		};
/* End PBXSourcesBuildPhase section */

/* Begin PBXVariantGroup section */
		F081663B215575C400D025D6 /* Main.storyboard */ = {
			isa = PBXVariantGroup;
			children = (
				F081663C215575C400D025D6 /* Base */,
			);
			name = Main.storyboard;
			sourceTree = "<group>";
		};
		F0816640215575C600D025D6 /* LaunchScreen.storyboard */ = {
			isa = PBXVariantGroup;
			children = (
				F0816641215575C600D025D6 /* Base */,
			);
			name = LaunchScreen.storyboard;
			sourceTree = "<group>";
		};
/* End PBXVariantGroup section */

/* Begin XCBuildConfiguration section */
		F0816644215575C600D025D6 /* Debug */ = {
			isa = XCBuildConfiguration;
			buildSettings = {
				ALWAYS_SEARCH_USER_PATHS = NO;
				CLANG_ANALYZER_NONNULL = YES;
				CLANG_ANALYZER_NUMBER_OBJECT_CONVERSION = YES_AGGRESSIVE;
				CLANG_CXX_LANGUAGE_STANDARD = "gnu++14";
				CLANG_CXX_LIBRARY = "libc++";
				CLANG_ENABLE_MODULES = YES;
				CLANG_ENABLE_OBJC_ARC = YES;
				CLANG_ENABLE_OBJC_WEAK = YES;
				CLANG_WARN_BLOCK_CAPTURE_AUTORELEASING = YES;
				CLANG_WARN_BOOL_CONVERSION = YES;
				CLANG_WARN_COMMA = YES;
				CLANG_WARN_CONSTANT_CONVERSION = YES;
				CLANG_WARN_DEPRECATED_OBJC_IMPLEMENTATIONS = YES;
				CLANG_WARN_DIRECT_OBJC_ISA_USAGE = YES_ERROR;
				CLANG_WARN_DOCUMENTATION_COMMENTS = YES;
				CLANG_WARN_EMPTY_BODY = YES;
				CLANG_WARN_ENUM_CONVERSION = YES;
				CLANG_WARN_INFINITE_RECURSION = YES;
				CLANG_WARN_INT_CONVERSION = YES;
				CLANG_WARN_NON_LITERAL_NULL_CONVERSION = YES;
				CLANG_WARN_OBJC_IMPLICIT_RETAIN_SELF = YES;
				CLANG_WARN_OBJC_LITERAL_CONVERSION = YES;
				CLANG_WARN_OBJC_ROOT_CLASS = YES_ERROR;
				CLANG_WARN_RANGE_LOOP_ANALYSIS = YES;
				CLANG_WARN_STRICT_PROTOTYPES = YES;
				CLANG_WARN_SUSPICIOUS_MOVE = YES;
				CLANG_WARN_UNGUARDED_AVAILABILITY = YES_AGGRESSIVE;
				CLANG_WARN_UNREACHABLE_CODE = YES;
				CLANG_WARN__DUPLICATE_METHOD_MATCH = YES;
				CODE_SIGN_IDENTITY = "iPhone Developer";
				COPY_PHASE_STRIP = NO;
				DEBUG_INFORMATION_FORMAT = dwarf;
				ENABLE_STRICT_OBJC_MSGSEND = YES;
				ENABLE_TESTABILITY = YES;
				GCC_C_LANGUAGE_STANDARD = gnu11;
				GCC_DYNAMIC_NO_PIC = NO;
				GCC_NO_COMMON_BLOCKS = YES;
				GCC_OPTIMIZATION_LEVEL = 0;
				GCC_PREPROCESSOR_DEFINITIONS = (
					"DEBUG=1",
					"$(inherited)",
				);
				GCC_WARN_64_TO_32_BIT_CONVERSION = YES;
				GCC_WARN_ABOUT_RETURN_TYPE = YES_ERROR;
				GCC_WARN_UNDECLARED_SELECTOR = YES;
				GCC_WARN_UNINITIALIZED_AUTOS = YES_AGGRESSIVE;
				GCC_WARN_UNUSED_FUNCTION = YES;
				GCC_WARN_UNUSED_VARIABLE = YES;
				IPHONEOS_DEPLOYMENT_TARGET = 11.4;
				MTL_ENABLE_DEBUG_INFO = YES;
				ONLY_ACTIVE_ARCH = YES;
				SDKROOT = iphoneos;
				SWIFT_ACTIVE_COMPILATION_CONDITIONS = DEBUG;
				SWIFT_OPTIMIZATION_LEVEL = "-Onone";
			};
			name = Debug;
		};
		F0816645215575C600D025D6 /* Release */ = {
			isa = XCBuildConfiguration;
			buildSettings = {
				ALWAYS_SEARCH_USER_PATHS = NO;
				CLANG_ANALYZER_NONNULL = YES;
				CLANG_ANALYZER_NUMBER_OBJECT_CONVERSION = YES_AGGRESSIVE;
				CLANG_CXX_LANGUAGE_STANDARD = "gnu++14";
				CLANG_CXX_LIBRARY = "libc++";
				CLANG_ENABLE_MODULES = YES;
				CLANG_ENABLE_OBJC_ARC = YES;
				CLANG_ENABLE_OBJC_WEAK = YES;
				CLANG_WARN_BLOCK_CAPTURE_AUTORELEASING = YES;
				CLANG_WARN_BOOL_CONVERSION = YES;
				CLANG_WARN_COMMA = YES;
				CLANG_WARN_CONSTANT_CONVERSION = YES;
				CLANG_WARN_DEPRECATED_OBJC_IMPLEMENTATIONS = YES;
				CLANG_WARN_DIRECT_OBJC_ISA_USAGE = YES_ERROR;
				CLANG_WARN_DOCUMENTATION_COMMENTS = YES;
				CLANG_WARN_EMPTY_BODY = YES;
				CLANG_WARN_ENUM_CONVERSION = YES;
				CLANG_WARN_INFINITE_RECURSION = YES;
				CLANG_WARN_INT_CONVERSION = YES;
				CLANG_WARN_NON_LITERAL_NULL_CONVERSION = YES;
				CLANG_WARN_OBJC_IMPLICIT_RETAIN_SELF = YES;
				CLANG_WARN_OBJC_LITERAL_CONVERSION = YES;
				CLANG_WARN_OBJC_ROOT_CLASS = YES_ERROR;
				CLANG_WARN_RANGE_LOOP_ANALYSIS = YES;
				CLANG_WARN_STRICT_PROTOTYPES = YES;
				CLANG_WARN_SUSPICIOUS_MOVE = YES;
				CLANG_WARN_UNGUARDED_AVAILABILITY = YES_AGGRESSIVE;
				CLANG_WARN_UNREACHABLE_CODE = YES;
				CLANG_WARN__DUPLICATE_METHOD_MATCH = YES;
				CODE_SIGN_IDENTITY = "iPhone Developer";
				COPY_PHASE_STRIP = NO;
				DEBUG_INFORMATION_FORMAT = "dwarf-with-dsym";
				ENABLE_NS_ASSERTIONS = NO;
				ENABLE_STRICT_OBJC_MSGSEND = YES;
				GCC_C_LANGUAGE_STANDARD = gnu11;
				GCC_NO_COMMON_BLOCKS = YES;
				GCC_WARN_64_TO_32_BIT_CONVERSION = YES;
				GCC_WARN_ABOUT_RETURN_TYPE = YES_ERROR;
				GCC_WARN_UNDECLARED_SELECTOR = YES;
				GCC_WARN_UNINITIALIZED_AUTOS = YES_AGGRESSIVE;
				GCC_WARN_UNUSED_FUNCTION = YES;
				GCC_WARN_UNUSED_VARIABLE = YES;
				IPHONEOS_DEPLOYMENT_TARGET = 11.4;
				MTL_ENABLE_DEBUG_INFO = NO;
				SDKROOT = iphoneos;
				SWIFT_COMPILATION_MODE = wholemodule;
				SWIFT_OPTIMIZATION_LEVEL = "-O";
				VALIDATE_PRODUCT = YES;
			};
			name = Release;
		};
		F0816647215575C600D025D6 /* Debug */ = {
			isa = XCBuildConfiguration;
			baseConfigurationReference = 0796BEDBE2B16FF7E9A63B76 /* Pods-To Do.debug.xcconfig */;
			buildSettings = {
				ASSETCATALOG_COMPILER_APPICON_NAME = AppIcon;
				CODE_SIGN_STYLE = Automatic;
				INFOPLIST_FILE = "To Do/Info.plist";
				LD_RUNPATH_SEARCH_PATHS = (
					"$(inherited)",
					"@executable_path/Frameworks",
				);
				PRODUCT_BUNDLE_IDENTIFIER = "com.rhtsang.To-Do";
				PRODUCT_NAME = "$(TARGET_NAME)";
				SWIFT_VERSION = 4.0;
				TARGETED_DEVICE_FAMILY = "1,2";
			};
			name = Debug;
		};
		F0816648215575C600D025D6 /* Release */ = {
			isa = XCBuildConfiguration;
			baseConfigurationReference = 89FAF1883065E33F33C32378 /* Pods-To Do.release.xcconfig */;
			buildSettings = {
				ASSETCATALOG_COMPILER_APPICON_NAME = AppIcon;
				CODE_SIGN_STYLE = Automatic;
				INFOPLIST_FILE = "To Do/Info.plist";
				LD_RUNPATH_SEARCH_PATHS = (
					"$(inherited)",
					"@executable_path/Frameworks",
				);
				PRODUCT_BUNDLE_IDENTIFIER = "com.rhtsang.To-Do";
				PRODUCT_NAME = "$(TARGET_NAME)";
				SWIFT_VERSION = 4.0;
				TARGETED_DEVICE_FAMILY = "1,2";
			};
			name = Release;
		};
/* End XCBuildConfiguration section */

/* Begin XCConfigurationList section */
		F081662F215575C400D025D6 /* Build configuration list for PBXProject "To Do" */ = {
			isa = XCConfigurationList;
			buildConfigurations = (
				F0816644215575C600D025D6 /* Debug */,
				F0816645215575C600D025D6 /* Release */,
			);
			defaultConfigurationIsVisible = 0;
			defaultConfigurationName = Release;
		};
		F0816646215575C600D025D6 /* Build configuration list for PBXNativeTarget "To Do" */ = {
			isa = XCConfigurationList;
			buildConfigurations = (
				F0816647215575C600D025D6 /* Debug */,
				F0816648215575C600D025D6 /* Release */,
			);
			defaultConfigurationIsVisible = 0;
			defaultConfigurationName = Release;
		};
/* End XCConfigurationList section */
	};
	rootObject = F081662C215575C400D025D6 /* Project object */;
}
